PODS:
  - Alamofire (5.0.5)
  - MBProgressHUD (1.2.0)
  - SQLite.swift (0.12.2):
    - SQLite.swift/standard (= 0.12.2)
  - SQLite.swift/standard (0.12.2)
  - SwiftyJSON (5.0.0)
  - Toaster (2.2.0)

DEPENDENCIES:
  - Alamofire
  - MBProgressHUD
  - SQLite.swift
  - SwiftyJSON
  - Toaster

SPEC REPOS:
  trunk:
    - Alamofire
    - MBProgressHUD
    - SQLite.swift
    - SwiftyJSON
    - Toaster

SPEC CHECKSUMS:
  Alamofire: df2f8f826963b08b9a870791ad48e07a10090b2e
  MBProgressHUD: 3ee5efcc380f6a79a7cc9b363dd669c5e1ae7406
  SQLite.swift: d2b4642190917051ce6bd1d49aab565fe794eea3
  SwiftyJSON: 36413e04c44ee145039d332b4f4e2d3e8d6c4db7
  Toaster: c1a81b376edcc2470157b4d1ee1e9341d3b96455

PODFILE CHECKSUM: 513220a81c909d338201c7a3918129d93fb0ca99

COCOAPODS: 1.8.4
